
Microsoft Visual Studio Solution File, Format Version 12.00
# Visual Studio Version 17
VisualStudioVersion = 17.5.33530.505
MinimumVisualStudioVersion = 10.0.40219.1
Project("{FAE04EC0-301F-11D3-BF4B-00C04F79EFBC}") = "Ace Combat 7 Umap Generator", "Ace Combat 7 Umap Generator\Ace Combat 7 Umap Generator.csproj", "{90494A0F-F880-4AC8-B7D9-9FBBB2E15C9B}"
EndProject
Global
	GlobalSection(SolutionConfigurationPlatforms) = preSolution
		Debug|Any CPU = Debug|Any CPU
		Release|Any CPU = Release|Any CPU
	EndGlobalSection
	GlobalSection(ProjectConfigurationPlatforms) = postSolution
		{90494A0F-F880-4AC8-B7D9-9FBBB2E15C9B}.Debug|Any CPU.ActiveCfg = Debug|Any CPU
		{90494A0F-F880-4AC8-B7D9-9FBBB2E15C9B}.Debug|Any CPU.Build.0 = Debug|Any CPU
		{90494A0F-F880-4AC8-B7D9-9FBBB2E15C9B}.Release|Any CPU.ActiveCfg = Release|Any CPU
		{90494A0F-F880-4AC8-B7D9-9FBBB2E15C9B}.Release|Any CPU.Build.0 = Release|Any CPU
	EndGlobalSection
	GlobalSection(SolutionProperties) = preSolution
		HideSolutionNode = FALSE
	EndGlobalSection
	GlobalSection(ExtensibilityGlobals) = postSolution
		SolutionGuid = {8D88C5A3-21E5-44E7-8B78-0278AF65579A}
	EndGlobalSection
EndGlobal
