
Microsoft Visual Studio Solution File, Format Version 12.00
# Visual Studio Version 17
VisualStudioVersion = 17.5.33530.505
MinimumVisualStudioVersion = 10.0.40219.1
Project("{9A19103F-16F7-4668-BE54-9A1E7A4F7556}") = "Ace Combat 7 Umap Generator", "Ace Combat 7 Umap Generator\Ace Combat 7 Umap Generator.csproj", "{90494A0F-F880-4AC8-B7D9-9FBBB2E15C9B}"
EndProject
Project("{2150E333-8FDC-42A3-9474-1A3956D46DE8}") = "submodules", "submodules", "{8CF58DFE-3ADC-4692-957E-F2D3E2FBEFDD}"
EndProject
Project("{9A19103F-16F7-4668-BE54-9A1E7A4F7556}") = "UAssetAPI", "UAssetAPI\UAssetAPI\UAssetAPI.csproj", "{178417EC-1177-413E-BE85-C83AECD64279}"
EndProject
Global
	GlobalSection(SolutionConfigurationPlatforms) = preSolution
		Debug Verbose|Any CPU = Debug Verbose|Any CPU
		Debug|Any CPU = Debug|Any CPU
		Release|Any CPU = Release|Any CPU
	EndGlobalSection
	GlobalSection(ProjectConfigurationPlatforms) = postSolution
		{90494A0F-F880-4AC8-B7D9-9FBBB2E15C9B}.Debug Verbose|Any CPU.ActiveCfg = Debug|Any CPU
		{90494A0F-F880-4AC8-B7D9-9FBBB2E15C9B}.Debug Verbose|Any CPU.Build.0 = Debug|Any CPU
		{90494A0F-F880-4AC8-B7D9-9FBBB2E15C9B}.Debug|Any CPU.ActiveCfg = Debug|Any CPU
		{90494A0F-F880-4AC8-B7D9-9FBBB2E15C9B}.Debug|Any CPU.Build.0 = Debug|Any CPU
		{90494A0F-F880-4AC8-B7D9-9FBBB2E15C9B}.Release|Any CPU.ActiveCfg = Release|Any CPU
		{90494A0F-F880-4AC8-B7D9-9FBBB2E15C9B}.Release|Any CPU.Build.0 = Release|Any CPU
		{178417EC-1177-413E-BE85-C83AECD64279}.Debug Verbose|Any CPU.ActiveCfg = Debug Verbose|Any CPU
		{178417EC-1177-413E-BE85-C83AECD64279}.Debug Verbose|Any CPU.Build.0 = Debug Verbose|Any CPU
		{178417EC-1177-413E-BE85-C83AECD64279}.Debug|Any CPU.ActiveCfg = Debug|Any CPU
		{178417EC-1177-413E-BE85-C83AECD64279}.Debug|Any CPU.Build.0 = Debug|Any CPU
		{178417EC-1177-413E-BE85-C83AECD64279}.Release|Any CPU.ActiveCfg = Release|Any CPU
		{178417EC-1177-413E-BE85-C83AECD64279}.Release|Any CPU.Build.0 = Release|Any CPU
	EndGlobalSection
	GlobalSection(SolutionProperties) = preSolution
		HideSolutionNode = FALSE
	EndGlobalSection
	GlobalSection(NestedProjects) = preSolution
		{178417EC-1177-413E-BE85-C83AECD64279} = {8CF58DFE-3ADC-4692-957E-F2D3E2FBEFDD}
	EndGlobalSection
	GlobalSection(ExtensibilityGlobals) = postSolution
		SolutionGuid = {8D88C5A3-21E5-44E7-8B78-0278AF65579A}
	EndGlobalSection
EndGlobal
